{
  "name": "s25-node-fs-crud",
  "version": "1.0.0",
  "lockfileVersion": 1,
  "requires": true,
  "dependencies": {
    "fs": {
      "version": "0.0.1-security",
      "resolved": "https://registry.npmjs.org/fs/-/fs-0.0.1-security.tgz",
      "integrity": "sha1-invTcYa23d84E/I4WLV+yq9eQdQ="
    },
    "throw": {
      "version": "1.1.1",
      "resolved": "https://registry.npmjs.org/throw/-/throw-1.1.1.tgz",
      "integrity": "sha512-tyOKKUYwkeiUumu2xE/K4orCLNlL5cmUHoUgWod5Nb9uUoiSNTSsm0YHe1XvQYlaDWzJF41p7vsSbRz/w70FIQ=="
    }
  }
}
